// !$*UTF8*$!
{
	archiveVersion = 1;
	classes = {
	};
	objectVersion = 56;
	objects = {

/* Begin PBXBuildFile section */
		1D236DFC2A92179000F459C9 /* BaseCoordinator.swift in Sources */ = {isa = PBXBuildFile; fileRef = 1D236DFB2A92179000F459C9 /* BaseCoordinator.swift */; };
		1D236DFE2A9217A500F459C9 /* ModulesFactory.swift in Sources */ = {isa = PBXBuildFile; fileRef = 1D236DFD2A9217A500F459C9 /* ModulesFactory.swift */; };
		1D236E002A9217BF00F459C9 /* Router.swift in Sources */ = {isa = PBXBuildFile; fileRef = 1D236DFF2A9217BF00F459C9 /* Router.swift */; };
		1D236E022A9217D700F459C9 /* CoordinatorFactory.swift in Sources */ = {isa = PBXBuildFile; fileRef = 1D236E012A9217D700F459C9 /* CoordinatorFactory.swift */; };
		1D236E062A92191D00F459C9 /* AppCoordinator.swift in Sources */ = {isa = PBXBuildFile; fileRef = 1D236E052A92191D00F459C9 /* AppCoordinator.swift */; };
		1D236E082A92196200F459C9 /* CharactersListCoordinator.swift in Sources */ = {isa = PBXBuildFile; fileRef = 1D236E072A92196200F459C9 /* CharactersListCoordinator.swift */; };
		1D236E0B2A921A8800F459C9 /* UIViewController + Extension.swift in Sources */ = {isa = PBXBuildFile; fileRef = 1D236E0A2A921A8800F459C9 /* UIViewController + Extension.swift */; };
		1D236E0D2A92201F00F459C9 /* CharactersListViewController.swift in Sources */ = {isa = PBXBuildFile; fileRef = 1D236E0C2A92201F00F459C9 /* CharactersListViewController.swift */; };
		1D236E0F2A92205400F459C9 /* CharactersListViewModel.swift in Sources */ = {isa = PBXBuildFile; fileRef = 1D236E0E2A92205400F459C9 /* CharactersListViewModel.swift */; };
		1D236E132A92235300F459C9 /* CharacterInfoViewController.swift in Sources */ = {isa = PBXBuildFile; fileRef = 1D236E122A92235300F459C9 /* CharacterInfoViewController.swift */; };
		1D236E152A92235F00F459C9 /* CharacterInfoViewModel.swift in Sources */ = {isa = PBXBuildFile; fileRef = 1D236E142A92235F00F459C9 /* CharacterInfoViewModel.swift */; };
		1D236E182A92A0C700F459C9 /* Localizable.strings in Resources */ = {isa = PBXBuildFile; fileRef = 1D236E1A2A92A0C700F459C9 /* Localizable.strings */; };
		1D236E1D2A92A16D00F459C9 /* String + Extension.swift in Sources */ = {isa = PBXBuildFile; fileRef = 1D236E1C2A92A16D00F459C9 /* String + Extension.swift */; };
		1D236E1F2A92A22D00F459C9 /* Consts.swift in Sources */ = {isa = PBXBuildFile; fileRef = 1D236E1E2A92A22D00F459C9 /* Consts.swift */; };
		1D236E232A92AEA100F459C9 /* UIFont + Extension.swift in Sources */ = {isa = PBXBuildFile; fileRef = 1D236E222A92AEA100F459C9 /* UIFont + Extension.swift */; };
		1D236E262A92BDC900F459C9 /* CharactersListCell.swift in Sources */ = {isa = PBXBuildFile; fileRef = 1D236E252A92BDC900F459C9 /* CharactersListCell.swift */; };
		1D236E2A2A92C9D400F459C9 /* CellReusingUtils.swift in Sources */ = {isa = PBXBuildFile; fileRef = 1D236E292A92C9D400F459C9 /* CellReusingUtils.swift */; };
		1D236E2D2A92CBC200F459C9 /* CharactersListDataSource.swift in Sources */ = {isa = PBXBuildFile; fileRef = 1D236E2C2A92CBC200F459C9 /* CharactersListDataSource.swift */; };
		1D236E2F2A939A4100F459C9 /* CharacterModel + Origin.swift in Sources */ = {isa = PBXBuildFile; fileRef = 1D236E2E2A939A4100F459C9 /* CharacterModel + Origin.swift */; };
		1D236E312A939D5900F459C9 /* NetworkClient.swift in Sources */ = {isa = PBXBuildFile; fileRef = 1D236E302A939D5900F459C9 /* NetworkClient.swift */; };
		1D236E332A939EBF00F459C9 /* NetworkRequest.swift in Sources */ = {isa = PBXBuildFile; fileRef = 1D236E322A939EBF00F459C9 /* NetworkRequest.swift */; };
		1D236E352A939F0100F459C9 /* NetworkTask.swift in Sources */ = {isa = PBXBuildFile; fileRef = 1D236E342A939F0100F459C9 /* NetworkTask.swift */; };
		1D236E372A939F5300F459C9 /* NetworkError.swift in Sources */ = {isa = PBXBuildFile; fileRef = 1D236E362A939F5300F459C9 /* NetworkError.swift */; };
		1D236E3A2A93A09900F459C9 /* NetworkManager.swift in Sources */ = {isa = PBXBuildFile; fileRef = 1D236E392A93A09900F459C9 /* NetworkManager.swift */; };
		1D236E3D2A93A15E00F459C9 /* CharactersRequest.swift in Sources */ = {isa = PBXBuildFile; fileRef = 1D236E3C2A93A15E00F459C9 /* CharactersRequest.swift */; };
		1D236E3F2A93ACE200F459C9 /* ImageRequest.swift in Sources */ = {isa = PBXBuildFile; fileRef = 1D236E3E2A93ACE200F459C9 /* ImageRequest.swift */; };
		1D236E412A93ADEE00F459C9 /* CharactersListCellModel.swift in Sources */ = {isa = PBXBuildFile; fileRef = 1D236E402A93ADEE00F459C9 /* CharactersListCellModel.swift */; };
		1D236E452A94282000F459C9 /* UIApplication + Extension.swift in Sources */ = {isa = PBXBuildFile; fileRef = 1D236E442A94282000F459C9 /* UIApplication + Extension.swift */; };
		1D236E472A94376900F459C9 /* CharactersListNavCon.swift in Sources */ = {isa = PBXBuildFile; fileRef = 1D236E462A94376900F459C9 /* CharactersListNavCon.swift */; };
		1D236E492A943A4100F459C9 /* CharacterOriginRequest.swift in Sources */ = {isa = PBXBuildFile; fileRef = 1D236E482A943A4100F459C9 /* CharacterOriginRequest.swift */; };
		1D236E4B2A943AA500F459C9 /* CharacterOriginModel.swift in Sources */ = {isa = PBXBuildFile; fileRef = 1D236E4A2A943AA500F459C9 /* CharacterOriginModel.swift */; };
		1DD2FCAE2A9206F100024155 /* AppDelegate.swift in Sources */ = {isa = PBXBuildFile; fileRef = 1DD2FCAD2A9206F100024155 /* AppDelegate.swift */; };
		1DD2FCB02A9206F100024155 /* SceneDelegate.swift in Sources */ = {isa = PBXBuildFile; fileRef = 1DD2FCAF2A9206F100024155 /* SceneDelegate.swift */; };
		1DD2FCB72A9206F200024155 /* Assets.xcassets in Resources */ = {isa = PBXBuildFile; fileRef = 1DD2FCB62A9206F200024155 /* Assets.xcassets */; };
		1DD2FCBA2A9206F200024155 /* LaunchScreen.storyboard in Resources */ = {isa = PBXBuildFile; fileRef = 1DD2FCB82A9206F200024155 /* LaunchScreen.storyboard */; };
		1DD2FCCD2A920E2200024155 /* UIColor + Extension.swift in Sources */ = {isa = PBXBuildFile; fileRef = 1DD2FCCC2A920E2200024155 /* UIColor + Extension.swift */; };
/* End PBXBuildFile section */

/* Begin PBXFileReference section */
		1D236DFB2A92179000F459C9 /* BaseCoordinator.swift */ = {isa = PBXFileReference; lastKnownFileType = sourcecode.swift; path = BaseCoordinator.swift; sourceTree = "<group>"; };
		1D236DFD2A9217A500F459C9 /* ModulesFactory.swift */ = {isa = PBXFileReference; lastKnownFileType = sourcecode.swift; path = ModulesFactory.swift; sourceTree = "<group>"; };
		1D236DFF2A9217BF00F459C9 /* Router.swift */ = {isa = PBXFileReference; lastKnownFileType = sourcecode.swift; path = Router.swift; sourceTree = "<group>"; };
		1D236E012A9217D700F459C9 /* CoordinatorFactory.swift */ = {isa = PBXFileReference; lastKnownFileType = sourcecode.swift; path = CoordinatorFactory.swift; sourceTree = "<group>"; };
		1D236E052A92191D00F459C9 /* AppCoordinator.swift */ = {isa = PBXFileReference; lastKnownFileType = sourcecode.swift; path = AppCoordinator.swift; sourceTree = "<group>"; };
		1D236E072A92196200F459C9 /* CharactersListCoordinator.swift */ = {isa = PBXFileReference; lastKnownFileType = sourcecode.swift; path = CharactersListCoordinator.swift; sourceTree = "<group>"; };
		1D236E0A2A921A8800F459C9 /* UIViewController + Extension.swift */ = {isa = PBXFileReference; lastKnownFileType = sourcecode.swift; path = "UIViewController + Extension.swift"; sourceTree = "<group>"; };
		1D236E0C2A92201F00F459C9 /* CharactersListViewController.swift */ = {isa = PBXFileReference; lastKnownFileType = sourcecode.swift; path = CharactersListViewController.swift; sourceTree = "<group>"; };
		1D236E0E2A92205400F459C9 /* CharactersListViewModel.swift */ = {isa = PBXFileReference; lastKnownFileType = sourcecode.swift; path = CharactersListViewModel.swift; sourceTree = "<group>"; };
		1D236E122A92235300F459C9 /* CharacterInfoViewController.swift */ = {isa = PBXFileReference; lastKnownFileType = sourcecode.swift; path = CharacterInfoViewController.swift; sourceTree = "<group>"; };
		1D236E142A92235F00F459C9 /* CharacterInfoViewModel.swift */ = {isa = PBXFileReference; lastKnownFileType = sourcecode.swift; path = CharacterInfoViewModel.swift; sourceTree = "<group>"; };
		1D236E192A92A0C700F459C9 /* en */ = {isa = PBXFileReference; lastKnownFileType = text.plist.strings; name = en; path = en.lproj/Localizable.strings; sourceTree = "<group>"; };
		1D236E1B2A92A0E800F459C9 /* ru */ = {isa = PBXFileReference; lastKnownFileType = text.plist.strings; name = ru; path = ru.lproj/Localizable.strings; sourceTree = "<group>"; };
		1D236E1C2A92A16D00F459C9 /* String + Extension.swift */ = {isa = PBXFileReference; lastKnownFileType = sourcecode.swift; path = "String + Extension.swift"; sourceTree = "<group>"; };
		1D236E1E2A92A22D00F459C9 /* Consts.swift */ = {isa = PBXFileReference; lastKnownFileType = sourcecode.swift; path = Consts.swift; sourceTree = "<group>"; };
		1D236E222A92AEA100F459C9 /* UIFont + Extension.swift */ = {isa = PBXFileReference; lastKnownFileType = sourcecode.swift; path = "UIFont + Extension.swift"; sourceTree = "<group>"; };
		1D236E252A92BDC900F459C9 /* CharactersListCell.swift */ = {isa = PBXFileReference; lastKnownFileType = sourcecode.swift; path = CharactersListCell.swift; sourceTree = "<group>"; };
		1D236E292A92C9D400F459C9 /* CellReusingUtils.swift */ = {isa = PBXFileReference; lastKnownFileType = sourcecode.swift; path = CellReusingUtils.swift; sourceTree = "<group>"; };
		1D236E2C2A92CBC200F459C9 /* CharactersListDataSource.swift */ = {isa = PBXFileReference; lastKnownFileType = sourcecode.swift; path = CharactersListDataSource.swift; sourceTree = "<group>"; };
		1D236E2E2A939A4100F459C9 /* CharacterModel + Origin.swift */ = {isa = PBXFileReference; lastKnownFileType = sourcecode.swift; path = "CharacterModel + Origin.swift"; sourceTree = "<group>"; };
		1D236E302A939D5900F459C9 /* NetworkClient.swift */ = {isa = PBXFileReference; lastKnownFileType = sourcecode.swift; path = NetworkClient.swift; sourceTree = "<group>"; };
		1D236E322A939EBF00F459C9 /* NetworkRequest.swift */ = {isa = PBXFileReference; lastKnownFileType = sourcecode.swift; path = NetworkRequest.swift; sourceTree = "<group>"; };
		1D236E342A939F0100F459C9 /* NetworkTask.swift */ = {isa = PBXFileReference; lastKnownFileType = sourcecode.swift; path = NetworkTask.swift; sourceTree = "<group>"; };
		1D236E362A939F5300F459C9 /* NetworkError.swift */ = {isa = PBXFileReference; lastKnownFileType = sourcecode.swift; path = NetworkError.swift; sourceTree = "<group>"; };
		1D236E392A93A09900F459C9 /* NetworkManager.swift */ = {isa = PBXFileReference; lastKnownFileType = sourcecode.swift; path = NetworkManager.swift; sourceTree = "<group>"; };
		1D236E3C2A93A15E00F459C9 /* CharactersRequest.swift */ = {isa = PBXFileReference; lastKnownFileType = sourcecode.swift; path = CharactersRequest.swift; sourceTree = "<group>"; };
		1D236E3E2A93ACE200F459C9 /* ImageRequest.swift */ = {isa = PBXFileReference; lastKnownFileType = sourcecode.swift; path = ImageRequest.swift; sourceTree = "<group>"; };
		1D236E402A93ADEE00F459C9 /* CharactersListCellModel.swift */ = {isa = PBXFileReference; lastKnownFileType = sourcecode.swift; path = CharactersListCellModel.swift; sourceTree = "<group>"; };
		1D236E442A94282000F459C9 /* UIApplication + Extension.swift */ = {isa = PBXFileReference; lastKnownFileType = sourcecode.swift; path = "UIApplication + Extension.swift"; sourceTree = "<group>"; };
		1D236E462A94376900F459C9 /* CharactersListNavCon.swift */ = {isa = PBXFileReference; lastKnownFileType = sourcecode.swift; path = CharactersListNavCon.swift; sourceTree = "<group>"; };
		1D236E482A943A4100F459C9 /* CharacterOriginRequest.swift */ = {isa = PBXFileReference; lastKnownFileType = sourcecode.swift; path = CharacterOriginRequest.swift; sourceTree = "<group>"; };
		1D236E4A2A943AA500F459C9 /* CharacterOriginModel.swift */ = {isa = PBXFileReference; lastKnownFileType = sourcecode.swift; path = CharacterOriginModel.swift; sourceTree = "<group>"; };
		1DD2FCAA2A9206F100024155 /* RickAndMortyDemo.app */ = {isa = PBXFileReference; explicitFileType = wrapper.application; includeInIndex = 0; path = RickAndMortyDemo.app; sourceTree = BUILT_PRODUCTS_DIR; };
		1DD2FCAD2A9206F100024155 /* AppDelegate.swift */ = {isa = PBXFileReference; lastKnownFileType = sourcecode.swift; path = AppDelegate.swift; sourceTree = "<group>"; };
		1DD2FCAF2A9206F100024155 /* SceneDelegate.swift */ = {isa = PBXFileReference; lastKnownFileType = sourcecode.swift; path = SceneDelegate.swift; sourceTree = "<group>"; };
		1DD2FCB62A9206F200024155 /* Assets.xcassets */ = {isa = PBXFileReference; lastKnownFileType = folder.assetcatalog; path = Assets.xcassets; sourceTree = "<group>"; };
		1DD2FCB92A9206F200024155 /* Base */ = {isa = PBXFileReference; lastKnownFileType = file.storyboard; name = Base; path = Base.lproj/LaunchScreen.storyboard; sourceTree = "<group>"; };
		1DD2FCBB2A9206F200024155 /* Info.plist */ = {isa = PBXFileReference; lastKnownFileType = text.plist.xml; path = Info.plist; sourceTree = "<group>"; };
		1DD2FCCC2A920E2200024155 /* UIColor + Extension.swift */ = {isa = PBXFileReference; lastKnownFileType = sourcecode.swift; path = "UIColor + Extension.swift"; sourceTree = "<group>"; };
/* End PBXFileReference section */

/* Begin PBXFrameworksBuildPhase section */
		1DD2FCA72A9206F100024155 /* Frameworks */ = {
			isa = PBXFrameworksBuildPhase;
			buildActionMask = 2147483647;
			files = (
			);
			runOnlyForDeploymentPostprocessing = 0;
		};
/* End PBXFrameworksBuildPhase section */

/* Begin PBXGroup section */
		1D236E032A9217DC00F459C9 /* Coordinators */ = {
			isa = PBXGroup;
			children = (
				1D236E052A92191D00F459C9 /* AppCoordinator.swift */,
				1D236E072A92196200F459C9 /* CharactersListCoordinator.swift */,
			);
			path = Coordinators;
			sourceTree = "<group>";
		};
		1D236E092A921A7900F459C9 /* UI */ = {
			isa = PBXGroup;
			children = (
				1D236E0A2A921A8800F459C9 /* UIViewController + Extension.swift */,
				1DD2FCCC2A920E2200024155 /* UIColor + Extension.swift */,
				1D236E222A92AEA100F459C9 /* UIFont + Extension.swift */,
				1D236E292A92C9D400F459C9 /* CellReusingUtils.swift */,
				1D236E442A94282000F459C9 /* UIApplication + Extension.swift */,
			);
			path = UI;
			sourceTree = "<group>";
		};
		1D236E242A92BD3F00F459C9 /* Cell */ = {
			isa = PBXGroup;
			children = (
				1D236E252A92BDC900F459C9 /* CharactersListCell.swift */,
				1D236E402A93ADEE00F459C9 /* CharactersListCellModel.swift */,
			);
			path = Cell;
			sourceTree = "<group>";
		};
		1D236E2B2A92CB9200F459C9 /* DataSource */ = {
			isa = PBXGroup;
			children = (
				1D236E2C2A92CBC200F459C9 /* CharactersListDataSource.swift */,
			);
			path = DataSource;
			sourceTree = "<group>";
		};
		1D236E382A93A02400F459C9 /* Networking */ = {
			isa = PBXGroup;
			children = (
				1D236E3B2A93A12600F459C9 /* Requests */,
				1D236E302A939D5900F459C9 /* NetworkClient.swift */,
				1D236E322A939EBF00F459C9 /* NetworkRequest.swift */,
				1D236E342A939F0100F459C9 /* NetworkTask.swift */,
				1D236E362A939F5300F459C9 /* NetworkError.swift */,
			);
			path = Networking;
			sourceTree = "<group>";
		};
		1D236E3B2A93A12600F459C9 /* Requests */ = {
			isa = PBXGroup;
			children = (
				1D236E3C2A93A15E00F459C9 /* CharactersRequest.swift */,
				1D236E3E2A93ACE200F459C9 /* ImageRequest.swift */,
				1D236E482A943A4100F459C9 /* CharacterOriginRequest.swift */,
			);
			path = Requests;
			sourceTree = "<group>";
		};
		1DD2FCA12A9206F100024155 = {
			isa = PBXGroup;
			children = (
				1DD2FCAC2A9206F100024155 /* RickAndMortyDemo */,
				1DD2FCAB2A9206F100024155 /* Products */,
			);
			sourceTree = "<group>";
		};
		1DD2FCAB2A9206F100024155 /* Products */ = {
			isa = PBXGroup;
			children = (
				1DD2FCAA2A9206F100024155 /* RickAndMortyDemo.app */,
			);
			name = Products;
			sourceTree = "<group>";
		};
		1DD2FCAC2A9206F100024155 /* RickAndMortyDemo */ = {
			isa = PBXGroup;
			children = (
				1DD2FCC12A920B2E00024155 /* App */,
				1DD2FCC22A920B3B00024155 /* AppBasic */,
				1D236E032A9217DC00F459C9 /* Coordinators */,
				1DD2FCC32A920B6200024155 /* Presentation */,
				1DD2FCC92A920C6A00024155 /* Services */,
				1DD2FCC62A920C2100024155 /* Helpers */,
				1DD2FCC42A920B7000024155 /* Resources */,
			);
			path = RickAndMortyDemo;
			sourceTree = "<group>";
		};
		1DD2FCC12A920B2E00024155 /* App */ = {
			isa = PBXGroup;
			children = (
				1DD2FCAD2A9206F100024155 /* AppDelegate.swift */,
				1DD2FCAF2A9206F100024155 /* SceneDelegate.swift */,
			);
			path = App;
			sourceTree = "<group>";
		};
		1DD2FCC22A920B3B00024155 /* AppBasic */ = {
			isa = PBXGroup;
			children = (
				1D236DFB2A92179000F459C9 /* BaseCoordinator.swift */,
				1D236DFD2A9217A500F459C9 /* ModulesFactory.swift */,
				1D236DFF2A9217BF00F459C9 /* Router.swift */,
				1D236E012A9217D700F459C9 /* CoordinatorFactory.swift */,
			);
			path = AppBasic;
			sourceTree = "<group>";
		};
		1DD2FCC32A920B6200024155 /* Presentation */ = {
			isa = PBXGroup;
			children = (
				1DD2FCC52A920B9500024155 /* CharactersListFlow */,
			);
			path = Presentation;
			sourceTree = "<group>";
		};
		1DD2FCC42A920B7000024155 /* Resources */ = {
			isa = PBXGroup;
			children = (
				1DD2FCB82A9206F200024155 /* LaunchScreen.storyboard */,
				1DD2FCB62A9206F200024155 /* Assets.xcassets */,
				1DD2FCBB2A9206F200024155 /* Info.plist */,
				1D236E1A2A92A0C700F459C9 /* Localizable.strings */,
			);
			path = Resources;
			sourceTree = "<group>";
		};
		1DD2FCC52A920B9500024155 /* CharactersListFlow */ = {
			isa = PBXGroup;
			children = (
				1D236E462A94376900F459C9 /* CharactersListNavCon.swift */,
				1DD2FCC72A920C3600024155 /* CharactersListModule */,
				1DD2FCC82A920C4200024155 /* CharacterInfoModule */,
			);
			path = CharactersListFlow;
			sourceTree = "<group>";
		};
		1DD2FCC62A920C2100024155 /* Helpers */ = {
			isa = PBXGroup;
			children = (
				1D236E1E2A92A22D00F459C9 /* Consts.swift */,
				1D236E1C2A92A16D00F459C9 /* String + Extension.swift */,
				1D236E092A921A7900F459C9 /* UI */,
			);
			path = Helpers;
			sourceTree = "<group>";
		};
		1DD2FCC72A920C3600024155 /* CharactersListModule */ = {
			isa = PBXGroup;
			children = (
				1D236E0C2A92201F00F459C9 /* CharactersListViewController.swift */,
				1D236E0E2A92205400F459C9 /* CharactersListViewModel.swift */,
				1D236E2B2A92CB9200F459C9 /* DataSource */,
				1D236E242A92BD3F00F459C9 /* Cell */,
			);
			path = CharactersListModule;
			sourceTree = "<group>";
		};
		1DD2FCC82A920C4200024155 /* CharacterInfoModule */ = {
			isa = PBXGroup;
			children = (
				1D236E122A92235300F459C9 /* CharacterInfoViewController.swift */,
				1D236E142A92235F00F459C9 /* CharacterInfoViewModel.swift */,
			);
			path = CharacterInfoModule;
			sourceTree = "<group>";
		};
		1DD2FCC92A920C6A00024155 /* Services */ = {
			isa = PBXGroup;
			children = (
				1D236E392A93A09900F459C9 /* NetworkManager.swift */,
				1D236E2E2A939A4100F459C9 /* CharacterModel + Origin.swift */,
				1D236E4A2A943AA500F459C9 /* CharacterOriginModel.swift */,
				1D236E382A93A02400F459C9 /* Networking */,
			);
			path = Services;
			sourceTree = "<group>";
		};
/* End PBXGroup section */

/* Begin PBXNativeTarget section */
		1DD2FCA92A9206F100024155 /* RickAndMortyDemo */ = {
			isa = PBXNativeTarget;
			buildConfigurationList = 1DD2FCBE2A9206F200024155 /* Build configuration list for PBXNativeTarget "RickAndMortyDemo" */;
			buildPhases = (
				1DD2FCA62A9206F100024155 /* Sources */,
				1DD2FCA72A9206F100024155 /* Frameworks */,
				1DD2FCA82A9206F100024155 /* Resources */,
			);
			buildRules = (
			);
			dependencies = (
			);
			name = RickAndMortyDemo;
			productName = RickAndMortyDemo;
			productReference = 1DD2FCAA2A9206F100024155 /* RickAndMortyDemo.app */;
			productType = "com.apple.product-type.application";
		};
/* End PBXNativeTarget section */

/* Begin PBXProject section */
		1DD2FCA22A9206F100024155 /* Project object */ = {
			isa = PBXProject;
			attributes = {
				BuildIndependentTargetsInParallel = 1;
				LastSwiftUpdateCheck = 1430;
				LastUpgradeCheck = 1430;
				TargetAttributes = {
					1DD2FCA92A9206F100024155 = {
						CreatedOnToolsVersion = 14.3.1;
					};
				};
			};
			buildConfigurationList = 1DD2FCA52A9206F100024155 /* Build configuration list for PBXProject "RickAndMortyDemo" */;
			compatibilityVersion = "Xcode 14.0";
			developmentRegion = en;
			hasScannedForEncodings = 0;
			knownRegions = (
				en,
				Base,
				ru,
			);
			mainGroup = 1DD2FCA12A9206F100024155;
			productRefGroup = 1DD2FCAB2A9206F100024155 /* Products */;
			projectDirPath = "";
			projectRoot = "";
			targets = (
				1DD2FCA92A9206F100024155 /* RickAndMortyDemo */,
			);
		};
/* End PBXProject section */

/* Begin PBXResourcesBuildPhase section */
		1DD2FCA82A9206F100024155 /* Resources */ = {
			isa = PBXResourcesBuildPhase;
			buildActionMask = 2147483647;
			files = (
				1DD2FCBA2A9206F200024155 /* LaunchScreen.storyboard in Resources */,
				1D236E182A92A0C700F459C9 /* Localizable.strings in Resources */,
				1DD2FCB72A9206F200024155 /* Assets.xcassets in Resources */,
			);
			runOnlyForDeploymentPostprocessing = 0;
		};
/* End PBXResourcesBuildPhase section */

/* Begin PBXSourcesBuildPhase section */
		1DD2FCA62A9206F100024155 /* Sources */ = {
			isa = PBXSourcesBuildPhase;
			buildActionMask = 2147483647;
			files = (
				1D236E3A2A93A09900F459C9 /* NetworkManager.swift in Sources */,
				1D236E2D2A92CBC200F459C9 /* CharactersListDataSource.swift in Sources */,
				1D236E2A2A92C9D400F459C9 /* CellReusingUtils.swift in Sources */,
				1D236E3D2A93A15E00F459C9 /* CharactersRequest.swift in Sources */,
				1D236E232A92AEA100F459C9 /* UIFont + Extension.swift in Sources */,
				1D236E132A92235300F459C9 /* CharacterInfoViewController.swift in Sources */,
				1D236E262A92BDC900F459C9 /* CharactersListCell.swift in Sources */,
				1D236E0F2A92205400F459C9 /* CharactersListViewModel.swift in Sources */,
				1D236E1D2A92A16D00F459C9 /* String + Extension.swift in Sources */,
				1D236E312A939D5900F459C9 /* NetworkClient.swift in Sources */,
				1D236E3F2A93ACE200F459C9 /* ImageRequest.swift in Sources */,
				1D236E0B2A921A8800F459C9 /* UIViewController + Extension.swift in Sources */,
				1D236DFC2A92179000F459C9 /* BaseCoordinator.swift in Sources */,
				1D236E412A93ADEE00F459C9 /* CharactersListCellModel.swift in Sources */,
				1D236E332A939EBF00F459C9 /* NetworkRequest.swift in Sources */,
				1D236E352A939F0100F459C9 /* NetworkTask.swift in Sources */,
				1D236E1F2A92A22D00F459C9 /* Consts.swift in Sources */,
				1D236E082A92196200F459C9 /* CharactersListCoordinator.swift in Sources */,
				1DD2FCCD2A920E2200024155 /* UIColor + Extension.swift in Sources */,
				1D236E4B2A943AA500F459C9 /* CharacterOriginModel.swift in Sources */,
				1D236E002A9217BF00F459C9 /* Router.swift in Sources */,
				1D236E472A94376900F459C9 /* CharactersListNavCon.swift in Sources */,
				1D236E492A943A4100F459C9 /* CharacterOriginRequest.swift in Sources */,
				1DD2FCAE2A9206F100024155 /* AppDelegate.swift in Sources */,
				1D236DFE2A9217A500F459C9 /* ModulesFactory.swift in Sources */,
				1D236E452A94282000F459C9 /* UIApplication + Extension.swift in Sources */,
				1D236E2F2A939A4100F459C9 /* CharacterModel + Origin.swift in Sources */,
				1D236E0D2A92201F00F459C9 /* CharactersListViewController.swift in Sources */,
				1D236E152A92235F00F459C9 /* CharacterInfoViewModel.swift in Sources */,
				1D236E062A92191D00F459C9 /* AppCoordinator.swift in Sources */,
				1D236E372A939F5300F459C9 /* NetworkError.swift in Sources */,
				1DD2FCB02A9206F100024155 /* SceneDelegate.swift in Sources */,
				1D236E022A9217D700F459C9 /* CoordinatorFactory.swift in Sources */,
			);
			runOnlyForDeploymentPostprocessing = 0;
		};
/* End PBXSourcesBuildPhase section */

/* Begin PBXVariantGroup section */
		1D236E1A2A92A0C700F459C9 /* Localizable.strings */ = {
			isa = PBXVariantGroup;
			children = (
				1D236E192A92A0C700F459C9 /* en */,
				1D236E1B2A92A0E800F459C9 /* ru */,
			);
			name = Localizable.strings;
			sourceTree = "<group>";
		};
		1DD2FCB82A9206F200024155 /* LaunchScreen.storyboard */ = {
			isa = PBXVariantGroup;
			children = (
				1DD2FCB92A9206F200024155 /* Base */,
			);
			name = LaunchScreen.storyboard;
			sourceTree = "<group>";
		};
/* End PBXVariantGroup section */

/* Begin XCBuildConfiguration section */
		1DD2FCBC2A9206F200024155 /* Debug */ = {
			isa = XCBuildConfiguration;
			buildSettings = {
				ALWAYS_SEARCH_USER_PATHS = NO;
				CLANG_ANALYZER_LOCALIZABILITY_NONLOCALIZED = YES;
				CLANG_ANALYZER_NONNULL = YES;
				CLANG_ANALYZER_NUMBER_OBJECT_CONVERSION = YES_AGGRESSIVE;
				CLANG_CXX_LANGUAGE_STANDARD = "gnu++20";
				CLANG_ENABLE_MODULES = YES;
				CLANG_ENABLE_OBJC_ARC = YES;
				CLANG_ENABLE_OBJC_WEAK = YES;
				CLANG_WARN_BLOCK_CAPTURE_AUTORELEASING = YES;
				CLANG_WARN_BOOL_CONVERSION = YES;
				CLANG_WARN_COMMA = YES;
				CLANG_WARN_CONSTANT_CONVERSION = YES;
				CLANG_WARN_DEPRECATED_OBJC_IMPLEMENTATIONS = YES;
				CLANG_WARN_DIRECT_OBJC_ISA_USAGE = YES_ERROR;
				CLANG_WARN_DOCUMENTATION_COMMENTS = YES;
				CLANG_WARN_EMPTY_BODY = YES;
				CLANG_WARN_ENUM_CONVERSION = YES;
				CLANG_WARN_INFINITE_RECURSION = YES;
				CLANG_WARN_INT_CONVERSION = YES;
				CLANG_WARN_NON_LITERAL_NULL_CONVERSION = YES;
				CLANG_WARN_OBJC_IMPLICIT_RETAIN_SELF = YES;
				CLANG_WARN_OBJC_LITERAL_CONVERSION = YES;
				CLANG_WARN_OBJC_ROOT_CLASS = YES_ERROR;
				CLANG_WARN_QUOTED_INCLUDE_IN_FRAMEWORK_HEADER = YES;
				CLANG_WARN_RANGE_LOOP_ANALYSIS = YES;
				CLANG_WARN_STRICT_PROTOTYPES = YES;
				CLANG_WARN_SUSPICIOUS_MOVE = YES;
				CLANG_WARN_UNGUARDED_AVAILABILITY = YES_AGGRESSIVE;
				CLANG_WARN_UNREACHABLE_CODE = YES;
				CLANG_WARN__DUPLICATE_METHOD_MATCH = YES;
				COPY_PHASE_STRIP = NO;
				DEBUG_INFORMATION_FORMAT = dwarf;
				ENABLE_STRICT_OBJC_MSGSEND = YES;
				ENABLE_TESTABILITY = YES;
				GCC_C_LANGUAGE_STANDARD = gnu11;
				GCC_DYNAMIC_NO_PIC = NO;
				GCC_NO_COMMON_BLOCKS = YES;
				GCC_OPTIMIZATION_LEVEL = 0;
				GCC_PREPROCESSOR_DEFINITIONS = (
					"DEBUG=1",
					"$(inherited)",
				);
				GCC_WARN_64_TO_32_BIT_CONVERSION = YES;
				GCC_WARN_ABOUT_RETURN_TYPE = YES_ERROR;
				GCC_WARN_UNDECLARED_SELECTOR = YES;
				GCC_WARN_UNINITIALIZED_AUTOS = YES_AGGRESSIVE;
				GCC_WARN_UNUSED_FUNCTION = YES;
				GCC_WARN_UNUSED_VARIABLE = YES;
				IPHONEOS_DEPLOYMENT_TARGET = 15.5;
				MTL_ENABLE_DEBUG_INFO = INCLUDE_SOURCE;
				MTL_FAST_MATH = YES;
				ONLY_ACTIVE_ARCH = YES;
				SDKROOT = iphoneos;
				SWIFT_ACTIVE_COMPILATION_CONDITIONS = DEBUG;
				SWIFT_OPTIMIZATION_LEVEL = "-Onone";
			};
			name = Debug;
		};
		1DD2FCBD2A9206F200024155 /* Release */ = {
			isa = XCBuildConfiguration;
			buildSettings = {
				ALWAYS_SEARCH_USER_PATHS = NO;
				CLANG_ANALYZER_LOCALIZABILITY_NONLOCALIZED = YES;
				CLANG_ANALYZER_NONNULL = YES;
				CLANG_ANALYZER_NUMBER_OBJECT_CONVERSION = YES_AGGRESSIVE;
				CLANG_CXX_LANGUAGE_STANDARD = "gnu++20";
				CLANG_ENABLE_MODULES = YES;
				CLANG_ENABLE_OBJC_ARC = YES;
				CLANG_ENABLE_OBJC_WEAK = YES;
				CLANG_WARN_BLOCK_CAPTURE_AUTORELEASING = YES;
				CLANG_WARN_BOOL_CONVERSION = YES;
				CLANG_WARN_COMMA = YES;
				CLANG_WARN_CONSTANT_CONVERSION = YES;
				CLANG_WARN_DEPRECATED_OBJC_IMPLEMENTATIONS = YES;
				CLANG_WARN_DIRECT_OBJC_ISA_USAGE = YES_ERROR;
				CLANG_WARN_DOCUMENTATION_COMMENTS = YES;
				CLANG_WARN_EMPTY_BODY = YES;
				CLANG_WARN_ENUM_CONVERSION = YES;
				CLANG_WARN_INFINITE_RECURSION = YES;
				CLANG_WARN_INT_CONVERSION = YES;
				CLANG_WARN_NON_LITERAL_NULL_CONVERSION = YES;
				CLANG_WARN_OBJC_IMPLICIT_RETAIN_SELF = YES;
				CLANG_WARN_OBJC_LITERAL_CONVERSION = YES;
				CLANG_WARN_OBJC_ROOT_CLASS = YES_ERROR;
				CLANG_WARN_QUOTED_INCLUDE_IN_FRAMEWORK_HEADER = YES;
				CLANG_WARN_RANGE_LOOP_ANALYSIS = YES;
				CLANG_WARN_STRICT_PROTOTYPES = YES;
				CLANG_WARN_SUSPICIOUS_MOVE = YES;
				CLANG_WARN_UNGUARDED_AVAILABILITY = YES_AGGRESSIVE;
				CLANG_WARN_UNREACHABLE_CODE = YES;
				CLANG_WARN__DUPLICATE_METHOD_MATCH = YES;
				COPY_PHASE_STRIP = NO;
				DEBUG_INFORMATION_FORMAT = "dwarf-with-dsym";
				ENABLE_NS_ASSERTIONS = NO;
				ENABLE_STRICT_OBJC_MSGSEND = YES;
				GCC_C_LANGUAGE_STANDARD = gnu11;
				GCC_NO_COMMON_BLOCKS = YES;
				GCC_WARN_64_TO_32_BIT_CONVERSION = YES;
				GCC_WARN_ABOUT_RETURN_TYPE = YES_ERROR;
				GCC_WARN_UNDECLARED_SELECTOR = YES;
				GCC_WARN_UNINITIALIZED_AUTOS = YES_AGGRESSIVE;
				GCC_WARN_UNUSED_FUNCTION = YES;
				GCC_WARN_UNUSED_VARIABLE = YES;
				IPHONEOS_DEPLOYMENT_TARGET = 15.5;
				MTL_ENABLE_DEBUG_INFO = NO;
				MTL_FAST_MATH = YES;
				SDKROOT = iphoneos;
				SWIFT_COMPILATION_MODE = wholemodule;
				SWIFT_OPTIMIZATION_LEVEL = "-O";
				VALIDATE_PRODUCT = YES;
			};
			name = Release;
		};
		1DD2FCBF2A9206F200024155 /* Debug */ = {
			isa = XCBuildConfiguration;
			buildSettings = {
				ASSETCATALOG_COMPILER_APPICON_NAME = AppIcon;
				ASSETCATALOG_COMPILER_GLOBAL_ACCENT_COLOR_NAME = AccentColor;
				CODE_SIGN_STYLE = Automatic;
				CURRENT_PROJECT_VERSION = 1;
				DEVELOPMENT_TEAM = CCJ53Q5CP4;
				GENERATE_INFOPLIST_FILE = YES;
				INFOPLIST_FILE = RickAndMortyDemo/Resources/Info.plist;
				INFOPLIST_KEY_UIApplicationSupportsIndirectInputEvents = YES;
				INFOPLIST_KEY_UILaunchStoryboardName = LaunchScreen.storyboard;
				INFOPLIST_KEY_UIMainStoryboardFile = "";
				INFOPLIST_KEY_UISupportedInterfaceOrientations = UIInterfaceOrientationPortrait;
				IPHONEOS_DEPLOYMENT_TARGET = 15.5;
				LD_RUNPATH_SEARCH_PATHS = (
					"$(inherited)",
					"@executable_path/Frameworks",
				);
				MARKETING_VERSION = 1.0;
				PRODUCT_BUNDLE_IDENTIFIER = ru.h3artgg.RickAndMortyDemo;
				PRODUCT_NAME = "$(TARGET_NAME)";
				SWIFT_EMIT_LOC_STRINGS = YES;
				SWIFT_VERSION = 5.0;
				TARGETED_DEVICE_FAMILY = "1,2";
			};
			name = Debug;
		};
		1DD2FCC02A9206F200024155 /* Release */ = {
			isa = XCBuildConfiguration;
			buildSettings = {
				ASSETCATALOG_COMPILER_APPICON_NAME = AppIcon;
				ASSETCATALOG_COMPILER_GLOBAL_ACCENT_COLOR_NAME = AccentColor;
				CODE_SIGN_STYLE = Automatic;
				CURRENT_PROJECT_VERSION = 1;
				DEVELOPMENT_TEAM = CCJ53Q5CP4;
				GENERATE_INFOPLIST_FILE = YES;
				INFOPLIST_FILE = RickAndMortyDemo/Resources/Info.plist;
				INFOPLIST_KEY_UIApplicationSupportsIndirectInputEvents = YES;
				INFOPLIST_KEY_UILaunchStoryboardName = LaunchScreen.storyboard;
				INFOPLIST_KEY_UIMainStoryboardFile = "";
				INFOPLIST_KEY_UISupportedInterfaceOrientations = UIInterfaceOrientationPortrait;
				IPHONEOS_DEPLOYMENT_TARGET = 15.5;
				LD_RUNPATH_SEARCH_PATHS = (
					"$(inherited)",
					"@executable_path/Frameworks",
				);
				MARKETING_VERSION = 1.0;
				PRODUCT_BUNDLE_IDENTIFIER = ru.h3artgg.RickAndMortyDemo;
				PRODUCT_NAME = "$(TARGET_NAME)";
				SWIFT_EMIT_LOC_STRINGS = YES;
				SWIFT_VERSION = 5.0;
				TARGETED_DEVICE_FAMILY = "1,2";
			};
			name = Release;
		};
/* End XCBuildConfiguration section */

/* Begin XCConfigurationList section */
		1DD2FCA52A9206F100024155 /* Build configuration list for PBXProject "RickAndMortyDemo" */ = {
			isa = XCConfigurationList;
			buildConfigurations = (
				1DD2FCBC2A9206F200024155 /* Debug */,
				1DD2FCBD2A9206F200024155 /* Release */,
			);
			defaultConfigurationIsVisible = 0;
			defaultConfigurationName = Release;
		};
		1DD2FCBE2A9206F200024155 /* Build configuration list for PBXNativeTarget "RickAndMortyDemo" */ = {
			isa = XCConfigurationList;
			buildConfigurations = (
				1DD2FCBF2A9206F200024155 /* Debug */,
				1DD2FCC02A9206F200024155 /* Release */,
			);
			defaultConfigurationIsVisible = 0;
			defaultConfigurationName = Release;
		};
/* End XCConfigurationList section */
	};
	rootObject = 1DD2FCA22A9206F100024155 /* Project object */;
}
